
Microsoft Visual Studio Solution File, Format Version 12.00
# Visual Studio Version 16
VisualStudioVersion = 16.0.29411.108
MinimumVisualStudioVersion = 10.0.40219.1
Project("{FAE04EC0-301F-11D3-BF4B-00C04F79EFBC}") = "MotorDrivingCode", "MotorDrivingCode\MotorDrivingCode.csproj", "{A4BB0DB6-1B18-4178-AAF9-A6C140058D75}"
EndProject
Global
	GlobalSection(SolutionConfigurationPlatforms) = preSolution
		Debug|Any CPU = Debug|Any CPU
		Release|Any CPU = Release|Any CPU
	EndGlobalSection
	GlobalSection(ProjectConfigurationPlatforms) = postSolution
		{A4BB0DB6-1B18-4178-AAF9-A6C140058D75}.Debug|Any CPU.ActiveCfg = Debug|Any CPU
		{A4BB0DB6-1B18-4178-AAF9-A6C140058D75}.Debug|Any CPU.Build.0 = Debug|Any CPU
		{A4BB0DB6-1B18-4178-AAF9-A6C140058D75}.Release|Any CPU.ActiveCfg = Release|Any CPU
		{A4BB0DB6-1B18-4178-AAF9-A6C140058D75}.Release|Any CPU.Build.0 = Release|Any CPU
	EndGlobalSection
	GlobalSection(SolutionProperties) = preSolution
		HideSolutionNode = FALSE
	EndGlobalSection
	GlobalSection(ExtensibilityGlobals) = postSolution
		SolutionGuid = {CA8149C7-FE12-4C8A-8E71-8AC0D0D954B5}
	EndGlobalSection
EndGlobal
